
Microsoft Visual Studio Solution File, Format Version 12.00
# Visual Studio Version 17
VisualStudioVersion = 17.0.31903.59
MinimumVisualStudioVersion = 10.0.40219.1
Project("{FAE04EC0-301F-11D3-BF4B-00C04F79EFBC}") = "SampleApi", "SampleApi\SampleApi.csproj", "{1B7301C5-ED49-40BC-A791-0FA221D97A66}"
EndProject
Project("{FAE04EC0-301F-11D3-BF4B-00C04F79EFBC}") = "SampleApi.Tests", "SampleApi.Tests\SampleApi.Tests.csproj", "{72A0832E-1FC1-4A95-BBA2-1E6149A6D7EC}"
EndProject
Global
	GlobalSection(SolutionConfigurationPlatforms) = preSolution
		Debug|Any CPU = Debug|Any CPU
		Debug|x64 = Debug|x64
		Debug|x86 = Debug|x86
		Release|Any CPU = Release|Any CPU
		Release|x64 = Release|x64
		Release|x86 = Release|x86
	EndGlobalSection
	GlobalSection(ProjectConfigurationPlatforms) = postSolution
		{1B7301C5-ED49-40BC-A791-0FA221D97A66}.Debug|Any CPU.ActiveCfg = Debug|Any CPU
		{1B7301C5-ED49-40BC-A791-0FA221D97A66}.Debug|Any CPU.Build.0 = Debug|Any CPU
		{1B7301C5-ED49-40BC-A791-0FA221D97A66}.Debug|x64.ActiveCfg = Debug|Any CPU
		{1B7301C5-ED49-40BC-A791-0FA221D97A66}.Debug|x64.Build.0 = Debug|Any CPU
		{1B7301C5-ED49-40BC-A791-0FA221D97A66}.Debug|x86.ActiveCfg = Debug|Any CPU
		{1B7301C5-ED49-40BC-A791-0FA221D97A66}.Debug|x86.Build.0 = Debug|Any CPU
		{1B7301C5-ED49-40BC-A791-0FA221D97A66}.Release|Any CPU.ActiveCfg = Release|Any CPU
		{1B7301C5-ED49-40BC-A791-0FA221D97A66}.Release|Any CPU.Build.0 = Release|Any CPU
		{1B7301C5-ED49-40BC-A791-0FA221D97A66}.Release|x64.ActiveCfg = Release|Any CPU
		{1B7301C5-ED49-40BC-A791-0FA221D97A66}.Release|x64.Build.0 = Release|Any CPU
		{1B7301C5-ED49-40BC-A791-0FA221D97A66}.Release|x86.ActiveCfg = Release|Any CPU
		{1B7301C5-ED49-40BC-A791-0FA221D97A66}.Release|x86.Build.0 = Release|Any CPU
		{72A0832E-1FC1-4A95-BBA2-1E6149A6D7EC}.Debug|Any CPU.ActiveCfg = Debug|Any CPU
		{72A0832E-1FC1-4A95-BBA2-1E6149A6D7EC}.Debug|Any CPU.Build.0 = Debug|Any CPU
		{72A0832E-1FC1-4A95-BBA2-1E6149A6D7EC}.Debug|x64.ActiveCfg = Debug|Any CPU
		{72A0832E-1FC1-4A95-BBA2-1E6149A6D7EC}.Debug|x64.Build.0 = Debug|Any CPU
		{72A0832E-1FC1-4A95-BBA2-1E6149A6D7EC}.Debug|x86.ActiveCfg = Debug|Any CPU
		{72A0832E-1FC1-4A95-BBA2-1E6149A6D7EC}.Debug|x86.Build.0 = Debug|Any CPU
		{72A0832E-1FC1-4A95-BBA2-1E6149A6D7EC}.Release|Any CPU.ActiveCfg = Release|Any CPU
		{72A0832E-1FC1-4A95-BBA2-1E6149A6D7EC}.Release|Any CPU.Build.0 = Release|Any CPU
		{72A0832E-1FC1-4A95-BBA2-1E6149A6D7EC}.Release|x64.ActiveCfg = Release|Any CPU
		{72A0832E-1FC1-4A95-BBA2-1E6149A6D7EC}.Release|x64.Build.0 = Release|Any CPU
		{72A0832E-1FC1-4A95-BBA2-1E6149A6D7EC}.Release|x86.ActiveCfg = Release|Any CPU
		{72A0832E-1FC1-4A95-BBA2-1E6149A6D7EC}.Release|x86.Build.0 = Release|Any CPU
	EndGlobalSection
	GlobalSection(SolutionProperties) = preSolution
		HideSolutionNode = FALSE
	EndGlobalSection
EndGlobal
